<?xml version="1.0" encoding="utf-8"?>
<Project ToolsVersion="4.0" xmlns="http://schemas.microsoft.com/developer/msbuild/2003">
  <ItemGroup>
    <Filter Include="헤더 파일">
      <UniqueIdentifier>{93995380-89BD-4b04-88EB-625FBE52EBFB}</UniqueIdentifier>
      <Extensions>h;hh;hpp;hxx;h++;hm;inl;inc;ipp;xsd</Extensions>
    </Filter>
    <Filter Include="리소스 파일">
      <UniqueIdentifier>{67DA6AB6-F800-4c08-8B7A-83BB121AAD01}</UniqueIdentifier>
      <Extensions>rc;ico;cur;bmp;dlg;rc2;rct;bin;rgs;gif;jpg;jpeg;jpe;resx;tiff;tif;png;wav;mfcribbon-ms</Extensions>
    </Filter>
    <Filter Include="Programers">
      <UniqueIdentifier>{4FC737F1-C7A5-4376-A066-2A32D752A2FF}</UniqueIdentifier>
      <Extensions>cpp;c;cc;cxx;c++;cppm;ixx;def;odl;idl;hpj;bat;asm;asmx</Extensions>
    </Filter>
    <Filter Include="Programers\00sort">
      <UniqueIdentifier>{019395d2-fdb9-40a1-817d-dae763b069a5}</UniqueIdentifier>
    </Filter>
    <Filter Include="Programers\01stack/queue">
      <UniqueIdentifier>{88b6b221-5552-4fdc-9366-2798f3d1a1da}</UniqueIdentifier>
    </Filter>
    <Filter Include="Programers\02brute-force_Search">
      <UniqueIdentifier>{8a3fbfe2-cc2f-43f7-9478-46a4cd5f9120}</UniqueIdentifier>
    </Filter>
    <Filter Include="Programers\03DFS/BFS">
      <UniqueIdentifier>{03239d6e-0e08-4364-9b6a-c439075d3835}</UniqueIdentifier>
    </Filter>
  </ItemGroup>
  <ItemGroup>
    <ClCompile Include="sort_k.cpp">
      <Filter>Programers\00sort</Filter>
    </ClCompile>
    <ClCompile Include="stack_q_1.cpp">
      <Filter>Programers\01stack/queue</Filter>
    </ClCompile>
    <ClCompile Include="test.cpp">
      <Filter>Programers\02brute-force_Search</Filter>
    </ClCompile>
    <ClCompile Include="DFS_Prac.cpp">
      <Filter>Programers\03DFS/BFS</Filter>
    </ClCompile>
  </ItemGroup>
</Project>